// !$*UTF8*$!
{
	archiveVersion = 1;
	classes = {
	};
	objectVersion = 77;
	objects = {

/* Begin PBXBuildFile section */
		F40CF3982F544E4D00DFAD3A /* StoreKit.framework in Frameworks */ = {isa = PBXBuildFile; fileRef = F40CF3972F544E4D00DFAD3A /* StoreKit.framework */; };
		F47449222F709D5600A5F3D1 /* RevenueCat in Frameworks */ = {isa = PBXBuildFile; productRef = F47449212F709D5600A5F3D1 /* RevenueCat */; };
		F47449242F709D5600A5F3D1 /* RevenueCatUI in Frameworks */ = {isa = PBXBuildFile; productRef = F47449232F709D5600A5F3D1 /* RevenueCatUI */; };
		F47449272F709D6700A5F3D1 /* Sentry in Frameworks */ = {isa = PBXBuildFile; productRef = F47449262F709D6700A5F3D1 /* Sentry */; };
		F474492A2F709D7B00A5F3D1 /* PostHog in Frameworks */ = {isa = PBXBuildFile; productRef = F47449292F709D7B00A5F3D1 /* PostHog */; };
		F474492D2F709D8C00A5F3D1 /* Supabase in Frameworks */ = {isa = PBXBuildFile; productRef = F474492C2F709D8C00A5F3D1 /* Supabase */; };
		F4BB54902F4E663600391D3F /* (null) in Frameworks */ = {isa = PBXBuildFile; };
		F4BB54912F4E663600391D3F /* (null) in Frameworks */ = {isa = PBXBuildFile; };
/* End PBXBuildFile section */

/* Begin PBXContainerItemProxy section */
		F49C0FA82F1D94C000B17BBE /* PBXContainerItemProxy */ = {
			isa = PBXContainerItemProxy;
			containerPortal = F49C0F922F1D94BE00B17BBE /* Project object */;
			proxyType = 1;
			remoteGlobalIDString = F49C0F992F1D94BE00B17BBE;
			remoteInfo = BookCompanion;
		};
		F49C0FB22F1D94C000B17BBE /* PBXContainerItemProxy */ = {
			isa = PBXContainerItemProxy;
			containerPortal = F49C0F922F1D94BE00B17BBE /* Project object */;
			proxyType = 1;
			remoteGlobalIDString = F49C0F992F1D94BE00B17BBE;
			remoteInfo = BookCompanion;
		};
/* End PBXContainerItemProxy section */

/* Begin PBXFileReference section */
		F40CF3972F544E4D00DFAD3A /* StoreKit.framework */ = {isa = PBXFileReference; lastKnownFileType = wrapper.framework; name = StoreKit.framework; path = System/Library/Frameworks/StoreKit.framework; sourceTree = SDKROOT; };
		F49C0F9A2F1D94BE00B17BBE /* BookCompanion.app */ = {isa = PBXFileReference; explicitFileType = wrapper.application; includeInIndex = 0; path = BookCompanion.app; sourceTree = BUILT_PRODUCTS_DIR; };
		F49C0FA72F1D94C000B17BBE /* BookCompanionTests.xctest */ = {isa = PBXFileReference; explicitFileType = wrapper.cfbundle; includeInIndex = 0; path = BookCompanionTests.xctest; sourceTree = BUILT_PRODUCTS_DIR; };
		F49C0FB12F1D94C000B17BBE /* BookCompanionUITests.xctest */ = {isa = PBXFileReference; explicitFileType = wrapper.cfbundle; includeInIndex = 0; path = BookCompanionUITests.xctest; sourceTree = BUILT_PRODUCTS_DIR; };
/* End PBXFileReference section */

/* Begin PBXFileSystemSynchronizedBuildFileExceptionSet section */
		F48AA6582F2EC20500AE716A /* Exceptions for "BookCompanion" folder in "BookCompanion" target */ = {
			isa = PBXFileSystemSynchronizedBuildFileExceptionSet;
			membershipExceptions = (
				Info.plist,
				Views/Auth/Untitled.swift,
			);
			target = F49C0F992F1D94BE00B17BBE /* BookCompanion */;
		};
/* End PBXFileSystemSynchronizedBuildFileExceptionSet section */

/* Begin PBXFileSystemSynchronizedRootGroup section */
		F49C0F9C2F1D94BE00B17BBE /* BookCompanion */ = {
			isa = PBXFileSystemSynchronizedRootGroup;
			exceptions = (
				F48AA6582F2EC20500AE716A /* Exceptions for "BookCompanion" folder in "BookCompanion" target */,
			);
			path = BookCompanion;
			sourceTree = "<group>";
		};
		F49C0FAA2F1D94C000B17BBE /* BookCompanionTests */ = {
			isa = PBXFileSystemSynchronizedRootGroup;
			path = BookCompanionTests;
			sourceTree = "<group>";
		};
		F49C0FB42F1D94C000B17BBE /* BookCompanionUITests */ = {
			isa = PBXFileSystemSynchronizedRootGroup;
			path = BookCompanionUITests;
			sourceTree = "<group>";
		};
/* End PBXFileSystemSynchronizedRootGroup section */

/* Begin PBXFrameworksBuildPhase section */
		F49C0F972F1D94BE00B17BBE /* Frameworks */ = {
			isa = PBXFrameworksBuildPhase;
			buildActionMask = 2147483647;
			files = (
				F47449222F709D5600A5F3D1 /* RevenueCat in Frameworks */,
				F40CF3982F544E4D00DFAD3A /* StoreKit.framework in Frameworks */,
				F474492D2F709D8C00A5F3D1 /* Supabase in Frameworks */,
				F474492A2F709D7B00A5F3D1 /* PostHog in Frameworks */,
				F47449242F709D5600A5F3D1 /* RevenueCatUI in Frameworks */,
				F47449272F709D6700A5F3D1 /* Sentry in Frameworks */,
			);
			runOnlyForDeploymentPostprocessing = 0;
		};
		F49C0FA42F1D94C000B17BBE /* Frameworks */ = {
			isa = PBXFrameworksBuildPhase;
			buildActionMask = 2147483647;
			files = (
				F4BB54902F4E663600391D3F /* (null) in Frameworks */,
			);
			runOnlyForDeploymentPostprocessing = 0;
		};
		F49C0FAE2F1D94C000B17BBE /* Frameworks */ = {
			isa = PBXFrameworksBuildPhase;
			buildActionMask = 2147483647;
			files = (
				F4BB54912F4E663600391D3F /* (null) in Frameworks */,
			);
			runOnlyForDeploymentPostprocessing = 0;
		};
/* End PBXFrameworksBuildPhase section */

/* Begin PBXGroup section */
		F49895F82F453BC700BC58DE /* Frameworks */ = {
			isa = PBXGroup;
			children = (
				F40CF3972F544E4D00DFAD3A /* StoreKit.framework */,
			);
			name = Frameworks;
			sourceTree = "<group>";
		};
		F49C0F912F1D94BE00B17BBE = {
			isa = PBXGroup;
			children = (
				F49C0F9C2F1D94BE00B17BBE /* BookCompanion */,
				F49C0FAA2F1D94C000B17BBE /* BookCompanionTests */,
				F49C0FB42F1D94C000B17BBE /* BookCompanionUITests */,
				F49895F82F453BC700BC58DE /* Frameworks */,
				F49C0F9B2F1D94BE00B17BBE /* Products */,
			);
			sourceTree = "<group>";
		};
		F49C0F9B2F1D94BE00B17BBE /* Products */ = {
			isa = PBXGroup;
			children = (
				F49C0F9A2F1D94BE00B17BBE /* BookCompanion.app */,
				F49C0FA72F1D94C000B17BBE /* BookCompanionTests.xctest */,
				F49C0FB12F1D94C000B17BBE /* BookCompanionUITests.xctest */,
			);
			name = Products;
			sourceTree = "<group>";
		};
/* End PBXGroup section */

/* Begin PBXNativeTarget section */
		F49C0F992F1D94BE00B17BBE /* BookCompanion */ = {
			isa = PBXNativeTarget;
			buildConfigurationList = F49C0FBB2F1D94C000B17BBE /* Build configuration list for PBXNativeTarget "BookCompanion" */;
			buildPhases = (
				F49C0F962F1D94BE00B17BBE /* Sources */,
				F49C0F972F1D94BE00B17BBE /* Frameworks */,
				F49C0F982F1D94BE00B17BBE /* Resources */,
				553E97F328A04D5383DE9EB9 /* Upload Debug Symbols to Sentry */,
			);
			buildRules = (
			);
			dependencies = (
			);
			fileSystemSynchronizedGroups = (
				F49C0F9C2F1D94BE00B17BBE /* BookCompanion */,
			);
			name = BookCompanion;
			packageProductDependencies = (
				F47449212F709D5600A5F3D1 /* RevenueCat */,
				F47449232F709D5600A5F3D1 /* RevenueCatUI */,
				F47449262F709D6700A5F3D1 /* Sentry */,
				F47449292F709D7B00A5F3D1 /* PostHog */,
				F474492C2F709D8C00A5F3D1 /* Supabase */,
			);
			productName = BookCompanion;
			productReference = F49C0F9A2F1D94BE00B17BBE /* BookCompanion.app */;
			productType = "com.apple.product-type.application";
		};
		F49C0FA62F1D94C000B17BBE /* BookCompanionTests */ = {
			isa = PBXNativeTarget;
			buildConfigurationList = F49C0FBE2F1D94C000B17BBE /* Build configuration list for PBXNativeTarget "BookCompanionTests" */;
			buildPhases = (
				F49C0FA32F1D94C000B17BBE /* Sources */,
				F49C0FA42F1D94C000B17BBE /* Frameworks */,
				F49C0FA52F1D94C000B17BBE /* Resources */,
			);
			buildRules = (
			);
			dependencies = (
				F49C0FA92F1D94C000B17BBE /* PBXTargetDependency */,
			);
			fileSystemSynchronizedGroups = (
				F49C0FAA2F1D94C000B17BBE /* BookCompanionTests */,
			);
			name = BookCompanionTests;
			packageProductDependencies = (
			);
			productName = BookCompanionTests;
			productReference = F49C0FA72F1D94C000B17BBE /* BookCompanionTests.xctest */;
			productType = "com.apple.product-type.bundle.unit-test";
		};
		F49C0FB02F1D94C000B17BBE /* BookCompanionUITests */ = {
			isa = PBXNativeTarget;
			buildConfigurationList = F49C0FC12F1D94C000B17BBE /* Build configuration list for PBXNativeTarget "BookCompanionUITests" */;
			buildPhases = (
				F49C0FAD2F1D94C000B17BBE /* Sources */,
				F49C0FAE2F1D94C000B17BBE /* Frameworks */,
				F49C0FAF2F1D94C000B17BBE /* Resources */,
			);
			buildRules = (
			);
			dependencies = (
				F49C0FB32F1D94C000B17BBE /* PBXTargetDependency */,
			);
			fileSystemSynchronizedGroups = (
				F49C0FB42F1D94C000B17BBE /* BookCompanionUITests */,
			);
			name = BookCompanionUITests;
			packageProductDependencies = (
			);
			productName = BookCompanionUITests;
			productReference = F49C0FB12F1D94C000B17BBE /* BookCompanionUITests.xctest */;
			productType = "com.apple.product-type.bundle.ui-testing";
		};
/* End PBXNativeTarget section */

/* Begin PBXProject section */
		F49C0F922F1D94BE00B17BBE /* Project object */ = {
			isa = PBXProject;
			attributes = {
				BuildIndependentTargetsInParallel = 1;
				LastSwiftUpdateCheck = 2610;
				LastUpgradeCheck = 2620;
				TargetAttributes = {
					F49C0F992F1D94BE00B17BBE = {
						CreatedOnToolsVersion = 26.1.1;
					};
					F49C0FA62F1D94C000B17BBE = {
						CreatedOnToolsVersion = 26.1.1;
						LastSwiftMigration = 2630;
						TestTargetID = F49C0F992F1D94BE00B17BBE;
					};
					F49C0FB02F1D94C000B17BBE = {
						CreatedOnToolsVersion = 26.1.1;
						TestTargetID = F49C0F992F1D94BE00B17BBE;
					};
				};
			};
			buildConfigurationList = F49C0F952F1D94BE00B17BBE /* Build configuration list for PBXProject "BookCompanion" */;
			developmentRegion = en;
			hasScannedForEncodings = 0;
			knownRegions = (
				en,
				Base,
			);
			mainGroup = F49C0F912F1D94BE00B17BBE;
			minimizedProjectReferenceProxies = 1;
			packageReferences = (
				F47449202F709D5600A5F3D1 /* XCRemoteSwiftPackageReference "purchases-ios" */,
				F47449252F709D6700A5F3D1 /* XCRemoteSwiftPackageReference "sentry-cocoa" */,
				F47449282F709D7B00A5F3D1 /* XCRemoteSwiftPackageReference "posthog-ios" */,
				F474492B2F709D8C00A5F3D1 /* XCRemoteSwiftPackageReference "supabase-swift" */,
			);
			preferredProjectObjectVersion = 77;
			productRefGroup = F49C0F9B2F1D94BE00B17BBE /* Products */;
			projectDirPath = "";
			projectRoot = "";
			targets = (
				F49C0F992F1D94BE00B17BBE /* BookCompanion */,
				F49C0FA62F1D94C000B17BBE /* BookCompanionTests */,
				F49C0FB02F1D94C000B17BBE /* BookCompanionUITests */,
			);
		};
/* End PBXProject section */

/* Begin PBXResourcesBuildPhase section */
		F49C0F982F1D94BE00B17BBE /* Resources */ = {
			isa = PBXResourcesBuildPhase;
			buildActionMask = 2147483647;
			files = (
			);
			runOnlyForDeploymentPostprocessing = 0;
		};
		F49C0FA52F1D94C000B17BBE /* Resources */ = {
			isa = PBXResourcesBuildPhase;
			buildActionMask = 2147483647;
			files = (
			);
			runOnlyForDeploymentPostprocessing = 0;
		};
		F49C0FAF2F1D94C000B17BBE /* Resources */ = {
			isa = PBXResourcesBuildPhase;
			buildActionMask = 2147483647;
			files = (
			);
			runOnlyForDeploymentPostprocessing = 0;
		};
/* End PBXResourcesBuildPhase section */

/* Begin PBXShellScriptBuildPhase section */
		553E97F328A04D5383DE9EB9 /* Upload Debug Symbols to Sentry */ = {
			isa = PBXShellScriptBuildPhase;
			alwaysOutOfDate = 1;
			buildActionMask = 2147483647;
			files = (
			);
			inputPaths = (
				"${DWARF_DSYM_FOLDER_PATH}/${DWARF_DSYM_FILE_NAME}/Contents/Resources/DWARF/${TARGET_NAME}",
			);
			name = "Upload Debug Symbols to Sentry";
			outputPaths = (
			);
			runOnlyForDeploymentPostprocessing = 0;
			shellPath = /bin/sh;
			shellScript = "# This script is responsible for uploading debug symbols and source context for Sentry.\nif which sentry-cli >/dev/null; then\n  export SENTRY_ORG=vivaan-labs\n  export SENTRY_PROJECT=bookcompanion\n  ERROR=$(sentry-cli debug-files upload --include-sources \"$DWARF_DSYM_FOLDER_PATH\" 2>&1 >/dev/null)\n  if [ ! $? -eq 0 ]; then\n    echo \"warning: sentry-cli - $ERROR\"\n  fi\nelse\n  echo \"warning: sentry-cli not installed, download from https://github.com/getsentry/sentry-cli/releases\"\nfi\n";
		};
/* End PBXShellScriptBuildPhase section */

/* Begin PBXSourcesBuildPhase section */
		F49C0F962F1D94BE00B17BBE /* Sources */ = {
			isa = PBXSourcesBuildPhase;
			buildActionMask = 2147483647;
			files = (
			);
			runOnlyForDeploymentPostprocessing = 0;
		};
		F49C0FA32F1D94C000B17BBE /* Sources */ = {
			isa = PBXSourcesBuildPhase;
			buildActionMask = 2147483647;
			files = (
			);
			runOnlyForDeploymentPostprocessing = 0;
		};
		F49C0FAD2F1D94C000B17BBE /* Sources */ = {
			isa = PBXSourcesBuildPhase;
			buildActionMask = 2147483647;
			files = (
			);
			runOnlyForDeploymentPostprocessing = 0;
		};
/* End PBXSourcesBuildPhase section */

/* Begin PBXTargetDependency section */
		F49C0FA92F1D94C000B17BBE /* PBXTargetDependency */ = {
			isa = PBXTargetDependency;
			target = F49C0F992F1D94BE00B17BBE /* BookCompanion */;
			targetProxy = F49C0FA82F1D94C000B17BBE /* PBXContainerItemProxy */;
		};
		F49C0FB32F1D94C000B17BBE /* PBXTargetDependency */ = {
			isa = PBXTargetDependency;
			target = F49C0F992F1D94BE00B17BBE /* BookCompanion */;
			targetProxy = F49C0FB22F1D94C000B17BBE /* PBXContainerItemProxy */;
		};
/* End PBXTargetDependency section */

/* Begin XCBuildConfiguration section */
		F49C0FB92F1D94C000B17BBE /* Debug */ = {
			isa = XCBuildConfiguration;
			buildSettings = {
				ALWAYS_SEARCH_USER_PATHS = NO;
				ASSETCATALOG_COMPILER_GENERATE_SWIFT_ASSET_SYMBOL_EXTENSIONS = YES;
				CLANG_ANALYZER_NONNULL = YES;
				CLANG_ANALYZER_NUMBER_OBJECT_CONVERSION = YES_AGGRESSIVE;
				CLANG_CXX_LANGUAGE_STANDARD = "gnu++20";
				CLANG_ENABLE_MODULES = YES;
				CLANG_ENABLE_OBJC_ARC = YES;
				CLANG_ENABLE_OBJC_WEAK = YES;
				CLANG_WARN_BLOCK_CAPTURE_AUTORELEASING = YES;
				CLANG_WARN_BOOL_CONVERSION = YES;
				CLANG_WARN_COMMA = YES;
				CLANG_WARN_CONSTANT_CONVERSION = YES;
				CLANG_WARN_DEPRECATED_OBJC_IMPLEMENTATIONS = YES;
				CLANG_WARN_DIRECT_OBJC_ISA_USAGE = YES_ERROR;
				CLANG_WARN_DOCUMENTATION_COMMENTS = YES;
				CLANG_WARN_EMPTY_BODY = YES;
				CLANG_WARN_ENUM_CONVERSION = YES;
				CLANG_WARN_INFINITE_RECURSION = YES;
				CLANG_WARN_INT_CONVERSION = YES;
				CLANG_WARN_NON_LITERAL_NULL_CONVERSION = YES;
				CLANG_WARN_OBJC_IMPLICIT_RETAIN_SELF = YES;
				CLANG_WARN_OBJC_LITERAL_CONVERSION = YES;
				CLANG_WARN_OBJC_ROOT_CLASS = YES_ERROR;
				CLANG_WARN_QUOTED_INCLUDE_IN_FRAMEWORK_HEADER = YES;
				CLANG_WARN_RANGE_LOOP_ANALYSIS = YES;
				CLANG_WARN_STRICT_PROTOTYPES = YES;
				CLANG_WARN_SUSPICIOUS_MOVE = YES;
				CLANG_WARN_UNGUARDED_AVAILABILITY = YES_AGGRESSIVE;
				CLANG_WARN_UNREACHABLE_CODE = YES;
				CLANG_WARN__DUPLICATE_METHOD_MATCH = YES;
				COPY_PHASE_STRIP = NO;
				DEAD_CODE_STRIPPING = YES;
				DEBUG_INFORMATION_FORMAT = dwarf;
				DEVELOPMENT_TEAM = JC8RCB5995;
				ENABLE_STRICT_OBJC_MSGSEND = YES;
				ENABLE_TESTABILITY = YES;
				ENABLE_USER_SCRIPT_SANDBOXING = YES;
				GCC_C_LANGUAGE_STANDARD = gnu17;
				GCC_DYNAMIC_NO_PIC = NO;
				GCC_NO_COMMON_BLOCKS = YES;
				GCC_OPTIMIZATION_LEVEL = 0;
				GCC_PREPROCESSOR_DEFINITIONS = (
					"DEBUG=1",
					"$(inherited)",
				);
				GCC_WARN_64_TO_32_BIT_CONVERSION = YES;
				GCC_WARN_ABOUT_RETURN_TYPE = YES_ERROR;
				GCC_WARN_UNDECLARED_SELECTOR = YES;
				GCC_WARN_UNINITIALIZED_AUTOS = YES_AGGRESSIVE;
				GCC_WARN_UNUSED_FUNCTION = YES;
				GCC_WARN_UNUSED_VARIABLE = YES;
				LOCALIZATION_PREFERS_STRING_CATALOGS = YES;
				MTL_ENABLE_DEBUG_INFO = INCLUDE_SOURCE;
				MTL_FAST_MATH = YES;
				ONLY_ACTIVE_ARCH = YES;
				STRING_CATALOG_GENERATE_SYMBOLS = YES;
				SWIFT_ACTIVE_COMPILATION_CONDITIONS = "DEBUG $(inherited)";
				SWIFT_OPTIMIZATION_LEVEL = "-Onone";
			};
			name = Debug;
		};
		F49C0FBA2F1D94C000B17BBE /* Release */ = {
			isa = XCBuildConfiguration;
			buildSettings = {
				ALWAYS_SEARCH_USER_PATHS = NO;
				ASSETCATALOG_COMPILER_GENERATE_SWIFT_ASSET_SYMBOL_EXTENSIONS = YES;
				CLANG_ANALYZER_NONNULL = YES;
				CLANG_ANALYZER_NUMBER_OBJECT_CONVERSION = YES_AGGRESSIVE;
				CLANG_CXX_LANGUAGE_STANDARD = "gnu++20";
				CLANG_ENABLE_MODULES = YES;
				CLANG_ENABLE_OBJC_ARC = YES;
				CLANG_ENABLE_OBJC_WEAK = YES;
				CLANG_WARN_BLOCK_CAPTURE_AUTORELEASING = YES;
				CLANG_WARN_BOOL_CONVERSION = YES;
				CLANG_WARN_COMMA = YES;
				CLANG_WARN_CONSTANT_CONVERSION = YES;
				CLANG_WARN_DEPRECATED_OBJC_IMPLEMENTATIONS = YES;
				CLANG_WARN_DIRECT_OBJC_ISA_USAGE = YES_ERROR;
				CLANG_WARN_DOCUMENTATION_COMMENTS = YES;
				CLANG_WARN_EMPTY_BODY = YES;
				CLANG_WARN_ENUM_CONVERSION = YES;
				CLANG_WARN_INFINITE_RECURSION = YES;
				CLANG_WARN_INT_CONVERSION = YES;
				CLANG_WARN_NON_LITERAL_NULL_CONVERSION = YES;
				CLANG_WARN_OBJC_IMPLICIT_RETAIN_SELF = YES;
				CLANG_WARN_OBJC_LITERAL_CONVERSION = YES;
				CLANG_WARN_OBJC_ROOT_CLASS = YES_ERROR;
				CLANG_WARN_QUOTED_INCLUDE_IN_FRAMEWORK_HEADER = YES;
				CLANG_WARN_RANGE_LOOP_ANALYSIS = YES;
				CLANG_WARN_STRICT_PROTOTYPES = YES;
				CLANG_WARN_SUSPICIOUS_MOVE = YES;
				CLANG_WARN_UNGUARDED_AVAILABILITY = YES_AGGRESSIVE;
				CLANG_WARN_UNREACHABLE_CODE = YES;
				CLANG_WARN__DUPLICATE_METHOD_MATCH = YES;
				COPY_PHASE_STRIP = NO;
				DEAD_CODE_STRIPPING = YES;
				DEBUG_INFORMATION_FORMAT = "dwarf-with-dsym";
				DEVELOPMENT_TEAM = JC8RCB5995;
				ENABLE_NS_ASSERTIONS = NO;
				ENABLE_STRICT_OBJC_MSGSEND = YES;
				ENABLE_USER_SCRIPT_SANDBOXING = YES;
				GCC_C_LANGUAGE_STANDARD = gnu17;
				GCC_NO_COMMON_BLOCKS = YES;
				GCC_WARN_64_TO_32_BIT_CONVERSION = YES;
				GCC_WARN_ABOUT_RETURN_TYPE = YES_ERROR;
				GCC_WARN_UNDECLARED_SELECTOR = YES;
				GCC_WARN_UNINITIALIZED_AUTOS = YES_AGGRESSIVE;
				GCC_WARN_UNUSED_FUNCTION = YES;
				GCC_WARN_UNUSED_VARIABLE = YES;
				LOCALIZATION_PREFERS_STRING_CATALOGS = YES;
				MTL_ENABLE_DEBUG_INFO = NO;
				MTL_FAST_MATH = YES;
				STRING_CATALOG_GENERATE_SYMBOLS = YES;
				SWIFT_COMPILATION_MODE = wholemodule;
			};
			name = Release;
		};
		F49C0FBC2F1D94C000B17BBE /* Debug */ = {
			isa = XCBuildConfiguration;
			buildSettings = {
				ASSETCATALOG_COMPILER_APPICON_NAME = AppIcon;
				ASSETCATALOG_COMPILER_GLOBAL_ACCENT_COLOR_NAME = AccentColor;
				CODE_SIGN_ENTITLEMENTS = BookCompanion/BookCompanion.entitlements;
				CODE_SIGN_STYLE = Automatic;
				CURRENT_PROJECT_VERSION = 2;
				DEAD_CODE_STRIPPING = YES;
				DEBUG_INFORMATION_FORMAT = "dwarf-with-dsym";
				DEVELOPMENT_TEAM = JC8RCB5995;
				ENABLE_APP_SANDBOX = YES;
				ENABLE_HARDENED_RUNTIME = YES;
				ENABLE_PREVIEWS = YES;
				ENABLE_USER_SCRIPT_SANDBOXING = NO;
				ENABLE_USER_SELECTED_FILES = readonly;
				GENERATE_INFOPLIST_FILE = YES;
				INFOPLIST_FILE = BookCompanion/Info.plist;
				"INFOPLIST_KEY_UIApplicationSceneManifest_Generation[sdk=iphoneos*]" = YES;
				"INFOPLIST_KEY_UIApplicationSceneManifest_Generation[sdk=iphonesimulator*]" = YES;
				"INFOPLIST_KEY_UIApplicationSupportsIndirectInputEvents[sdk=iphoneos*]" = YES;
				"INFOPLIST_KEY_UIApplicationSupportsIndirectInputEvents[sdk=iphonesimulator*]" = YES;
				"INFOPLIST_KEY_UILaunchScreen_Generation[sdk=iphoneos*]" = YES;
				"INFOPLIST_KEY_UILaunchScreen_Generation[sdk=iphonesimulator*]" = YES;
				"INFOPLIST_KEY_UIStatusBarStyle[sdk=iphoneos*]" = UIStatusBarStyleDefault;
				"INFOPLIST_KEY_UIStatusBarStyle[sdk=iphonesimulator*]" = UIStatusBarStyleDefault;
				INFOPLIST_KEY_UISupportedInterfaceOrientations = "UIInterfaceOrientationLandscapeLeft UIInterfaceOrientationLandscapeRight UIInterfaceOrientationPortrait";
				IPHONEOS_DEPLOYMENT_TARGET = 26.1;
				LD_RUNPATH_SEARCH_PATHS = "@executable_path/Frameworks";
				"LD_RUNPATH_SEARCH_PATHS[sdk=macosx*]" = "@executable_path/../Frameworks";
				MACOSX_DEPLOYMENT_TARGET = 26.1;
				MARKETING_VERSION = 1.1.1;
				PRODUCT_BUNDLE_IDENTIFIER = ViVa.BookCompanion;
				"PRODUCT_BUNDLE_IDENTIFIER[sdk=iphoneos*]" = com.ViVa.BookCompanion;
				PRODUCT_NAME = "$(TARGET_NAME)";
				REGISTER_APP_GROUPS = YES;
				SDKROOT = auto;
				STRING_CATALOG_GENERATE_SYMBOLS = YES;
				SUPPORTED_PLATFORMS = "iphoneos iphonesimulator";
				SUPPORTS_MACCATALYST = NO;
				SWIFT_APPROACHABLE_CONCURRENCY = YES;
				SWIFT_DEFAULT_ACTOR_ISOLATION = MainActor;
				SWIFT_EMIT_LOC_STRINGS = YES;
				SWIFT_UPCOMING_FEATURE_MEMBER_IMPORT_VISIBILITY = YES;
				SWIFT_VERSION = 5.0;
				TARGETED_DEVICE_FAMILY = 1;
				XROS_DEPLOYMENT_TARGET = 26.1;
			};
			name = Debug;
		};
		F49C0FBD2F1D94C000B17BBE /* Release */ = {
			isa = XCBuildConfiguration;
			buildSettings = {
				ASSETCATALOG_COMPILER_APPICON_NAME = AppIcon;
				ASSETCATALOG_COMPILER_GLOBAL_ACCENT_COLOR_NAME = AccentColor;
				CODE_SIGN_ENTITLEMENTS = BookCompanion/BookCompanion.entitlements;
				CODE_SIGN_STYLE = Automatic;
				CURRENT_PROJECT_VERSION = 2;
				DEAD_CODE_STRIPPING = YES;
				DEBUG_INFORMATION_FORMAT = "dwarf-with-dsym";
				DEVELOPMENT_TEAM = JC8RCB5995;
				ENABLE_APP_SANDBOX = YES;
				ENABLE_HARDENED_RUNTIME = YES;
				ENABLE_PREVIEWS = YES;
				ENABLE_USER_SCRIPT_SANDBOXING = NO;
				ENABLE_USER_SELECTED_FILES = readonly;
				GENERATE_INFOPLIST_FILE = YES;
				INFOPLIST_FILE = BookCompanion/Info.plist;
				"INFOPLIST_KEY_UIApplicationSceneManifest_Generation[sdk=iphoneos*]" = YES;
				"INFOPLIST_KEY_UIApplicationSceneManifest_Generation[sdk=iphonesimulator*]" = YES;
				"INFOPLIST_KEY_UIApplicationSupportsIndirectInputEvents[sdk=iphoneos*]" = YES;
				"INFOPLIST_KEY_UIApplicationSupportsIndirectInputEvents[sdk=iphonesimulator*]" = YES;
				"INFOPLIST_KEY_UILaunchScreen_Generation[sdk=iphoneos*]" = YES;
				"INFOPLIST_KEY_UILaunchScreen_Generation[sdk=iphonesimulator*]" = YES;
				"INFOPLIST_KEY_UIStatusBarStyle[sdk=iphoneos*]" = UIStatusBarStyleDefault;
				"INFOPLIST_KEY_UIStatusBarStyle[sdk=iphonesimulator*]" = UIStatusBarStyleDefault;
				INFOPLIST_KEY_UISupportedInterfaceOrientations = "UIInterfaceOrientationLandscapeLeft UIInterfaceOrientationLandscapeRight UIInterfaceOrientationPortrait";
				IPHONEOS_DEPLOYMENT_TARGET = 26.1;
				LD_RUNPATH_SEARCH_PATHS = "@executable_path/Frameworks";
				"LD_RUNPATH_SEARCH_PATHS[sdk=macosx*]" = "@executable_path/../Frameworks";
				MACOSX_DEPLOYMENT_TARGET = 26.1;
				MARKETING_VERSION = 1.1.1;
				PRODUCT_BUNDLE_IDENTIFIER = ViVa.BookCompanion;
				"PRODUCT_BUNDLE_IDENTIFIER[sdk=iphoneos*]" = com.ViVa.BookCompanion;
				PRODUCT_NAME = "$(TARGET_NAME)";
				REGISTER_APP_GROUPS = YES;
				SDKROOT = auto;
				STRING_CATALOG_GENERATE_SYMBOLS = YES;
				SUPPORTED_PLATFORMS = "iphoneos iphonesimulator";
				SUPPORTS_MACCATALYST = NO;
				SWIFT_APPROACHABLE_CONCURRENCY = YES;
				SWIFT_DEFAULT_ACTOR_ISOLATION = MainActor;
				SWIFT_EMIT_LOC_STRINGS = YES;
				SWIFT_UPCOMING_FEATURE_MEMBER_IMPORT_VISIBILITY = YES;
				SWIFT_VERSION = 5.0;
				TARGETED_DEVICE_FAMILY = 1;
				XROS_DEPLOYMENT_TARGET = 26.1;
			};
			name = Release;
		};
		F49C0FBF2F1D94C000B17BBE /* Debug */ = {
			isa = XCBuildConfiguration;
			buildSettings = {
				BUNDLE_LOADER = "$(TEST_HOST)";
				CLANG_ENABLE_MODULES = YES;
				CODE_SIGN_STYLE = Automatic;
				CURRENT_PROJECT_VERSION = 1;
				DEAD_CODE_STRIPPING = YES;
				DEVELOPMENT_TEAM = JC8RCB5995;
				GENERATE_INFOPLIST_FILE = YES;
				IPHONEOS_DEPLOYMENT_TARGET = 26.1;
				MACOSX_DEPLOYMENT_TARGET = 26.1;
				MARKETING_VERSION = 1.0;
				PRODUCT_BUNDLE_IDENTIFIER = ViVa.BookCompanionTests;
				PRODUCT_NAME = "$(TARGET_NAME)";
				SDKROOT = auto;
				STRING_CATALOG_GENERATE_SYMBOLS = NO;
				SUPPORTED_PLATFORMS = "iphoneos iphonesimulator macosx xros xrsimulator";
				SWIFT_APPROACHABLE_CONCURRENCY = YES;
				SWIFT_EMIT_LOC_STRINGS = NO;
				SWIFT_OPTIMIZATION_LEVEL = "-Onone";
				SWIFT_UPCOMING_FEATURE_MEMBER_IMPORT_VISIBILITY = YES;
				SWIFT_VERSION = 5.0;
				TARGETED_DEVICE_FAMILY = "1,2,7";
				TEST_HOST = "$(BUILT_PRODUCTS_DIR)/BookCompanion.app/$(BUNDLE_EXECUTABLE_FOLDER_PATH)/BookCompanion";
				XROS_DEPLOYMENT_TARGET = 26.1;
			};
			name = Debug;
		};
		F49C0FC02F1D94C000B17BBE /* Release */ = {
			isa = XCBuildConfiguration;
			buildSettings = {
				BUNDLE_LOADER = "$(TEST_HOST)";
				CLANG_ENABLE_MODULES = YES;
				CODE_SIGN_STYLE = Automatic;
				CURRENT_PROJECT_VERSION = 1;
				DEAD_CODE_STRIPPING = YES;
				DEVELOPMENT_TEAM = JC8RCB5995;
				GENERATE_INFOPLIST_FILE = YES;
				IPHONEOS_DEPLOYMENT_TARGET = 26.1;
				MACOSX_DEPLOYMENT_TARGET = 26.1;
				MARKETING_VERSION = 1.0;
				PRODUCT_BUNDLE_IDENTIFIER = ViVa.BookCompanionTests;
				PRODUCT_NAME = "$(TARGET_NAME)";
				SDKROOT = auto;
				STRING_CATALOG_GENERATE_SYMBOLS = NO;
				SUPPORTED_PLATFORMS = "iphoneos iphonesimulator macosx xros xrsimulator";
				SWIFT_APPROACHABLE_CONCURRENCY = YES;
				SWIFT_EMIT_LOC_STRINGS = NO;
				SWIFT_UPCOMING_FEATURE_MEMBER_IMPORT_VISIBILITY = YES;
				SWIFT_VERSION = 5.0;
				TARGETED_DEVICE_FAMILY = "1,2,7";
				TEST_HOST = "$(BUILT_PRODUCTS_DIR)/BookCompanion.app/$(BUNDLE_EXECUTABLE_FOLDER_PATH)/BookCompanion";
				XROS_DEPLOYMENT_TARGET = 26.1;
			};
			name = Release;
		};
		F49C0FC22F1D94C000B17BBE /* Debug */ = {
			isa = XCBuildConfiguration;
			buildSettings = {
				CODE_SIGN_STYLE = Automatic;
				CURRENT_PROJECT_VERSION = 1;
				DEAD_CODE_STRIPPING = YES;
				DEVELOPMENT_TEAM = JC8RCB5995;
				GENERATE_INFOPLIST_FILE = YES;
				IPHONEOS_DEPLOYMENT_TARGET = 26.1;
				MACOSX_DEPLOYMENT_TARGET = 26.1;
				MARKETING_VERSION = 1.0;
				PRODUCT_BUNDLE_IDENTIFIER = ViVa.BookCompanionUITests;
				PRODUCT_NAME = "$(TARGET_NAME)";
				SDKROOT = auto;
				STRING_CATALOG_GENERATE_SYMBOLS = NO;
				SUPPORTED_PLATFORMS = "iphoneos iphonesimulator macosx xros xrsimulator";
				SWIFT_APPROACHABLE_CONCURRENCY = YES;
				SWIFT_EMIT_LOC_STRINGS = NO;
				SWIFT_UPCOMING_FEATURE_MEMBER_IMPORT_VISIBILITY = YES;
				SWIFT_VERSION = 5.0;
				TARGETED_DEVICE_FAMILY = "1,2,7";
				TEST_TARGET_NAME = BookCompanion;
				XROS_DEPLOYMENT_TARGET = 26.1;
			};
			name = Debug;
		};
		F49C0FC32F1D94C000B17BBE /* Release */ = {
			isa = XCBuildConfiguration;
			buildSettings = {
				CODE_SIGN_STYLE = Automatic;
				CURRENT_PROJECT_VERSION = 1;
				DEAD_CODE_STRIPPING = YES;
				DEVELOPMENT_TEAM = JC8RCB5995;
				GENERATE_INFOPLIST_FILE = YES;
				IPHONEOS_DEPLOYMENT_TARGET = 26.1;
				MACOSX_DEPLOYMENT_TARGET = 26.1;
				MARKETING_VERSION = 1.0;
				PRODUCT_BUNDLE_IDENTIFIER = ViVa.BookCompanionUITests;
				PRODUCT_NAME = "$(TARGET_NAME)";
				SDKROOT = auto;
				STRING_CATALOG_GENERATE_SYMBOLS = NO;
				SUPPORTED_PLATFORMS = "iphoneos iphonesimulator macosx xros xrsimulator";
				SWIFT_APPROACHABLE_CONCURRENCY = YES;
				SWIFT_EMIT_LOC_STRINGS = NO;
				SWIFT_UPCOMING_FEATURE_MEMBER_IMPORT_VISIBILITY = YES;
				SWIFT_VERSION = 5.0;
				TARGETED_DEVICE_FAMILY = "1,2,7";
				TEST_TARGET_NAME = BookCompanion;
				XROS_DEPLOYMENT_TARGET = 26.1;
			};
			name = Release;
		};
/* End XCBuildConfiguration section */

/* Begin XCConfigurationList section */
		F49C0F952F1D94BE00B17BBE /* Build configuration list for PBXProject "BookCompanion" */ = {
			isa = XCConfigurationList;
			buildConfigurations = (
				F49C0FB92F1D94C000B17BBE /* Debug */,
				F49C0FBA2F1D94C000B17BBE /* Release */,
			);
			defaultConfigurationIsVisible = 0;
			defaultConfigurationName = Release;
		};
		F49C0FBB2F1D94C000B17BBE /* Build configuration list for PBXNativeTarget "BookCompanion" */ = {
			isa = XCConfigurationList;
			buildConfigurations = (
				F49C0FBC2F1D94C000B17BBE /* Debug */,
				F49C0FBD2F1D94C000B17BBE /* Release */,
			);
			defaultConfigurationIsVisible = 0;
			defaultConfigurationName = Release;
		};
		F49C0FBE2F1D94C000B17BBE /* Build configuration list for PBXNativeTarget "BookCompanionTests" */ = {
			isa = XCConfigurationList;
			buildConfigurations = (
				F49C0FBF2F1D94C000B17BBE /* Debug */,
				F49C0FC02F1D94C000B17BBE /* Release */,
			);
			defaultConfigurationIsVisible = 0;
			defaultConfigurationName = Release;
		};
		F49C0FC12F1D94C000B17BBE /* Build configuration list for PBXNativeTarget "BookCompanionUITests" */ = {
			isa = XCConfigurationList;
			buildConfigurations = (
				F49C0FC22F1D94C000B17BBE /* Debug */,
				F49C0FC32F1D94C000B17BBE /* Release */,
			);
			defaultConfigurationIsVisible = 0;
			defaultConfigurationName = Release;
		};
/* End XCConfigurationList section */

/* Begin XCRemoteSwiftPackageReference section */
		F47449202F709D5600A5F3D1 /* XCRemoteSwiftPackageReference "purchases-ios" */ = {
			isa = XCRemoteSwiftPackageReference;
			repositoryURL = "https://github.com/RevenueCat/purchases-ios";
			requirement = {
				kind = upToNextMajorVersion;
				minimumVersion = 5.66.0;
			};
		};
		F47449252F709D6700A5F3D1 /* XCRemoteSwiftPackageReference "sentry-cocoa" */ = {
			isa = XCRemoteSwiftPackageReference;
			repositoryURL = "https://github.com/getsentry/sentry-cocoa";
			requirement = {
				kind = upToNextMajorVersion;
				minimumVersion = 9.8.0;
			};
		};
		F47449282F709D7B00A5F3D1 /* XCRemoteSwiftPackageReference "posthog-ios" */ = {
			isa = XCRemoteSwiftPackageReference;
			repositoryURL = "https://github.com/PostHog/posthog-ios";
			requirement = {
				kind = upToNextMajorVersion;
				minimumVersion = 3.48.0;
			};
		};
		F474492B2F709D8C00A5F3D1 /* XCRemoteSwiftPackageReference "supabase-swift" */ = {
			isa = XCRemoteSwiftPackageReference;
			repositoryURL = "https://github.com/supabase/supabase-swift";
			requirement = {
				kind = upToNextMajorVersion;
				minimumVersion = 2.5.1;
			};
		};
/* End XCRemoteSwiftPackageReference section */

/* Begin XCSwiftPackageProductDependency section */
		F47449212F709D5600A5F3D1 /* RevenueCat */ = {
			isa = XCSwiftPackageProductDependency;
			package = F47449202F709D5600A5F3D1 /* XCRemoteSwiftPackageReference "purchases-ios" */;
			productName = RevenueCat;
		};
		F47449232F709D5600A5F3D1 /* RevenueCatUI */ = {
			isa = XCSwiftPackageProductDependency;
			package = F47449202F709D5600A5F3D1 /* XCRemoteSwiftPackageReference "purchases-ios" */;
			productName = RevenueCatUI;
		};
		F47449262F709D6700A5F3D1 /* Sentry */ = {
			isa = XCSwiftPackageProductDependency;
			package = F47449252F709D6700A5F3D1 /* XCRemoteSwiftPackageReference "sentry-cocoa" */;
			productName = Sentry;
		};
		F47449292F709D7B00A5F3D1 /* PostHog */ = {
			isa = XCSwiftPackageProductDependency;
			package = F47449282F709D7B00A5F3D1 /* XCRemoteSwiftPackageReference "posthog-ios" */;
			productName = PostHog;
		};
		F474492C2F709D8C00A5F3D1 /* Supabase */ = {
			isa = XCSwiftPackageProductDependency;
			package = F474492B2F709D8C00A5F3D1 /* XCRemoteSwiftPackageReference "supabase-swift" */;
			productName = Supabase;
		};
/* End XCSwiftPackageProductDependency section */
	};
	rootObject = F49C0F922F1D94BE00B17BBE /* Project object */;
}
